<Solution>
  <Project Path="ClockAvalonia.ClearClock/ClockAvalonia.ClearClock.csproj" Id="549887b9-7d84-4699-87d8-c84514d13a7d" />
  <Project Path="ClockAvalonia/ClockAvalonia.csproj" Id="fb19662e-e2fd-48b6-b1af-b014cab4a4c7" />
  <Project Path="ClockWpf.ClearClock/ClockWpf.ClearClock.csproj" />
  <Project Path="ClockWpf.TemplateEditor/ClockWpf.TemplateEditor.csproj" />
  <Project Path="ClockWpf/ClockWpf.csproj" />
</Solution>